
Microsoft Visual Studio Solution File, Format Version 12.00
# Visual Studio Version 17
VisualStudioVersion = 17.9.34728.123
MinimumVisualStudioVersion = 10.0.40219.1
Project("{FAE04EC0-301F-11D3-BF4B-00C04F79EFBC}") = "NotSpotify", "NotSpotify.csproj", "{9DDDF2CB-C140-449F-BA39-E23F0ED2E03F}"
EndProject
Global
	GlobalSection(SolutionConfigurationPlatforms) = preSolution
		Debug|Any CPU = Debug|Any CPU
		Release|Any CPU = Release|Any CPU
	EndGlobalSection
	GlobalSection(ProjectConfigurationPlatforms) = postSolution
		{9DDDF2CB-C140-449F-BA39-E23F0ED2E03F}.Debug|Any CPU.ActiveCfg = Debug|Any CPU
		{9DDDF2CB-C140-449F-BA39-E23F0ED2E03F}.Debug|Any CPU.Build.0 = Debug|Any CPU
		{9DDDF2CB-C140-449F-BA39-E23F0ED2E03F}.Release|Any CPU.ActiveCfg = Release|Any CPU
		{9DDDF2CB-C140-449F-BA39-E23F0ED2E03F}.Release|Any CPU.Build.0 = Release|Any CPU
	EndGlobalSection
	GlobalSection(SolutionProperties) = preSolution
		HideSolutionNode = FALSE
	EndGlobalSection
	GlobalSection(ExtensibilityGlobals) = postSolution
		SolutionGuid = {247EF337-4330-4160-AE6D-61FB0DF8FC79}
	EndGlobalSection
EndGlobal
